
Microsoft Visual Studio Solution File, Format Version 12.00
# Visual Studio 15
VisualStudioVersion = 15.0.28307.960
MinimumVisualStudioVersion = 10.0.40219.1
Project("{FAE04EC0-301F-11D3-BF4B-00C04F79EFBC}") = "A2", "A2\A2.csproj", "{D99CD6DB-702D-4874-B566-D7CB1950DB8C}"
EndProject
Global
	GlobalSection(SolutionConfigurationPlatforms) = preSolution
		Debug|Any CPU = Debug|Any CPU
		Release|Any CPU = Release|Any CPU
	EndGlobalSection
	GlobalSection(ProjectConfigurationPlatforms) = postSolution
		{D99CD6DB-702D-4874-B566-D7CB1950DB8C}.Debug|Any CPU.ActiveCfg = Debug|Any CPU
		{D99CD6DB-702D-4874-B566-D7CB1950DB8C}.Debug|Any CPU.Build.0 = Debug|Any CPU
		{D99CD6DB-702D-4874-B566-D7CB1950DB8C}.Release|Any CPU.ActiveCfg = Release|Any CPU
		{D99CD6DB-702D-4874-B566-D7CB1950DB8C}.Release|Any CPU.Build.0 = Release|Any CPU
	EndGlobalSection
	GlobalSection(SolutionProperties) = preSolution
		HideSolutionNode = FALSE
	EndGlobalSection
	GlobalSection(ExtensibilityGlobals) = postSolution
		SolutionGuid = {F8CD641F-C62F-4776-BE7F-ADC109A6B348}
	EndGlobalSection
EndGlobal
