
Microsoft Visual Studio Solution File, Format Version 12.00
# Visual Studio 15
VisualStudioVersion = 15.0.28307.960
MinimumVisualStudioVersion = 10.0.40219.1
Project("{FAE04EC0-301F-11D3-BF4B-00C04F79EFBC}") = "OperatorOverloading", "OperatorOverloading\OperatorOverloading.csproj", "{86DD1B6B-FB73-4E9A-BC29-9FD6786ABF6A}"
EndProject
Global
	GlobalSection(SolutionConfigurationPlatforms) = preSolution
		Debug|Any CPU = Debug|Any CPU
		Release|Any CPU = Release|Any CPU
	EndGlobalSection
	GlobalSection(ProjectConfigurationPlatforms) = postSolution
		{86DD1B6B-FB73-4E9A-BC29-9FD6786ABF6A}.Debug|Any CPU.ActiveCfg = Debug|Any CPU
		{86DD1B6B-FB73-4E9A-BC29-9FD6786ABF6A}.Debug|Any CPU.Build.0 = Debug|Any CPU
		{86DD1B6B-FB73-4E9A-BC29-9FD6786ABF6A}.Release|Any CPU.ActiveCfg = Release|Any CPU
		{86DD1B6B-FB73-4E9A-BC29-9FD6786ABF6A}.Release|Any CPU.Build.0 = Release|Any CPU
	EndGlobalSection
	GlobalSection(SolutionProperties) = preSolution
		HideSolutionNode = FALSE
	EndGlobalSection
	GlobalSection(ExtensibilityGlobals) = postSolution
		SolutionGuid = {48DCFE0E-2763-4D1F-9ECF-6D0388BB0EFB}
	EndGlobalSection
EndGlobal
