
Microsoft Visual Studio Solution File, Format Version 12.00
# Visual Studio 15
VisualStudioVersion = 15.0.28307.960
MinimumVisualStudioVersion = 10.0.40219.1
Project("{FAE04EC0-301F-11D3-BF4B-00C04F79EFBC}") = "ThirdClass", "ThirdClass\ThirdClass.csproj", "{61E89290-7C9B-41EE-AA71-6C25B94EA41B}"
EndProject
Global
	GlobalSection(SolutionConfigurationPlatforms) = preSolution
		Debug|Any CPU = Debug|Any CPU
		Release|Any CPU = Release|Any CPU
	EndGlobalSection
	GlobalSection(ProjectConfigurationPlatforms) = postSolution
		{61E89290-7C9B-41EE-AA71-6C25B94EA41B}.Debug|Any CPU.ActiveCfg = Debug|Any CPU
		{61E89290-7C9B-41EE-AA71-6C25B94EA41B}.Debug|Any CPU.Build.0 = Debug|Any CPU
		{61E89290-7C9B-41EE-AA71-6C25B94EA41B}.Release|Any CPU.ActiveCfg = Release|Any CPU
		{61E89290-7C9B-41EE-AA71-6C25B94EA41B}.Release|Any CPU.Build.0 = Release|Any CPU
	EndGlobalSection
	GlobalSection(SolutionProperties) = preSolution
		HideSolutionNode = FALSE
	EndGlobalSection
	GlobalSection(ExtensibilityGlobals) = postSolution
		SolutionGuid = {1BF9D637-7909-429C-A054-C5DF441CCAFB}
	EndGlobalSection
EndGlobal
