
Microsoft Visual Studio Solution File, Format Version 12.00
# Visual Studio 15
VisualStudioVersion = 15.0.28307.960
MinimumVisualStudioVersion = 10.0.40219.1
Project("{FAE04EC0-301F-11D3-BF4B-00C04F79EFBC}") = "SharedLibTester", "SharedLibTester\SharedLibTester.csproj", "{566024F3-9089-48B5-B345-E23E7648012F}"
EndProject
Project("{FAE04EC0-301F-11D3-BF4B-00C04F79EFBC}") = "NavSharedLib", "NavSharedLib\NavSharedLib.csproj", "{24BE1107-BF24-4CF6-B40F-D6C9B7953F31}"
EndProject
Global
	GlobalSection(SolutionConfigurationPlatforms) = preSolution
		Debug|Any CPU = Debug|Any CPU
		Release|Any CPU = Release|Any CPU
	EndGlobalSection
	GlobalSection(ProjectConfigurationPlatforms) = postSolution
		{566024F3-9089-48B5-B345-E23E7648012F}.Debug|Any CPU.ActiveCfg = Debug|Any CPU
		{566024F3-9089-48B5-B345-E23E7648012F}.Debug|Any CPU.Build.0 = Debug|Any CPU
		{566024F3-9089-48B5-B345-E23E7648012F}.Release|Any CPU.ActiveCfg = Release|Any CPU
		{566024F3-9089-48B5-B345-E23E7648012F}.Release|Any CPU.Build.0 = Release|Any CPU
		{24BE1107-BF24-4CF6-B40F-D6C9B7953F31}.Debug|Any CPU.ActiveCfg = Debug|Any CPU
		{24BE1107-BF24-4CF6-B40F-D6C9B7953F31}.Debug|Any CPU.Build.0 = Debug|Any CPU
		{24BE1107-BF24-4CF6-B40F-D6C9B7953F31}.Release|Any CPU.ActiveCfg = Release|Any CPU
		{24BE1107-BF24-4CF6-B40F-D6C9B7953F31}.Release|Any CPU.Build.0 = Release|Any CPU
	EndGlobalSection
	GlobalSection(SolutionProperties) = preSolution
		HideSolutionNode = FALSE
	EndGlobalSection
	GlobalSection(ExtensibilityGlobals) = postSolution
		SolutionGuid = {94632C0D-C412-4926-AD36-3095EE72EE1D}
	EndGlobalSection
EndGlobal
