
Microsoft Visual Studio Solution File, Format Version 12.00
# Visual Studio 15
VisualStudioVersion = 15.0.28307.960
MinimumVisualStudioVersion = 10.0.40219.1
Project("{FAE04EC0-301F-11D3-BF4B-00C04F79EFBC}") = "WCF_WEB_APP", "WCF_WEB_APP\WCF_WEB_APP.csproj", "{010A15FF-95F2-405F-8ED1-CFD821606E78}"
EndProject
Project("{FAE04EC0-301F-11D3-BF4B-00C04F79EFBC}") = "WCF_Client", "WCF_Client\WCF_Client.csproj", "{BED79567-F5B9-4BAC-BC0D-256F9FA2E567}"
	ProjectSection(ProjectDependencies) = postProject
		{010A15FF-95F2-405F-8ED1-CFD821606E78} = {010A15FF-95F2-405F-8ED1-CFD821606E78}
	EndProjectSection
EndProject
Global
	GlobalSection(SolutionConfigurationPlatforms) = preSolution
		Debug|Any CPU = Debug|Any CPU
		Release|Any CPU = Release|Any CPU
	EndGlobalSection
	GlobalSection(ProjectConfigurationPlatforms) = postSolution
		{010A15FF-95F2-405F-8ED1-CFD821606E78}.Debug|Any CPU.ActiveCfg = Debug|Any CPU
		{010A15FF-95F2-405F-8ED1-CFD821606E78}.Debug|Any CPU.Build.0 = Debug|Any CPU
		{010A15FF-95F2-405F-8ED1-CFD821606E78}.Release|Any CPU.ActiveCfg = Release|Any CPU
		{010A15FF-95F2-405F-8ED1-CFD821606E78}.Release|Any CPU.Build.0 = Release|Any CPU
		{BED79567-F5B9-4BAC-BC0D-256F9FA2E567}.Debug|Any CPU.ActiveCfg = Debug|Any CPU
		{BED79567-F5B9-4BAC-BC0D-256F9FA2E567}.Debug|Any CPU.Build.0 = Debug|Any CPU
		{BED79567-F5B9-4BAC-BC0D-256F9FA2E567}.Release|Any CPU.ActiveCfg = Release|Any CPU
		{BED79567-F5B9-4BAC-BC0D-256F9FA2E567}.Release|Any CPU.Build.0 = Release|Any CPU
	EndGlobalSection
	GlobalSection(SolutionProperties) = preSolution
		HideSolutionNode = FALSE
	EndGlobalSection
	GlobalSection(ExtensibilityGlobals) = postSolution
		SolutionGuid = {EB3DB51B-FC40-4E3E-8D7D-3B35075E03C4}
	EndGlobalSection
EndGlobal
