
Microsoft Visual Studio Solution File, Format Version 12.00
# Visual Studio 15
VisualStudioVersion = 15.0.28307.960
MinimumVisualStudioVersion = 10.0.40219.1
Project("{FAE04EC0-301F-11D3-BF4B-00C04F79EFBC}") = "MVC_RW_Demo", "MVC_RW_Demo\MVC_RW_Demo.csproj", "{B95BBE77-A9DA-44C8-AC25-5C1B708E3E9D}"
EndProject
Global
	GlobalSection(SolutionConfigurationPlatforms) = preSolution
		Debug|Any CPU = Debug|Any CPU
		Release|Any CPU = Release|Any CPU
	EndGlobalSection
	GlobalSection(ProjectConfigurationPlatforms) = postSolution
		{B95BBE77-A9DA-44C8-AC25-5C1B708E3E9D}.Debug|Any CPU.ActiveCfg = Debug|Any CPU
		{B95BBE77-A9DA-44C8-AC25-5C1B708E3E9D}.Debug|Any CPU.Build.0 = Debug|Any CPU
		{B95BBE77-A9DA-44C8-AC25-5C1B708E3E9D}.Release|Any CPU.ActiveCfg = Release|Any CPU
		{B95BBE77-A9DA-44C8-AC25-5C1B708E3E9D}.Release|Any CPU.Build.0 = Release|Any CPU
	EndGlobalSection
	GlobalSection(SolutionProperties) = preSolution
		HideSolutionNode = FALSE
	EndGlobalSection
	GlobalSection(ExtensibilityGlobals) = postSolution
		SolutionGuid = {12EB02A5-DF18-4392-8FBC-18D271E1022B}
	EndGlobalSection
EndGlobal
