
Microsoft Visual Studio Solution File, Format Version 12.00
# Visual Studio 15
VisualStudioVersion = 15.0.28307.960
MinimumVisualStudioVersion = 10.0.40219.1
Project("{FAE04EC0-301F-11D3-BF4B-00C04F79EFBC}") = "FirstClass", "FirstClass\FirstClass.csproj", "{7F7A6195-0BF4-4F90-865D-B787C28E1A89}"
EndProject
Project("{FAE04EC0-301F-11D3-BF4B-00C04F79EFBC}") = "SecondClass", "SecondClass\SecondClass.csproj", "{49D206FF-DA35-4F92-9BFF-0E93D9BF1D10}"
EndProject
Global
	GlobalSection(SolutionConfigurationPlatforms) = preSolution
		Debug|Any CPU = Debug|Any CPU
		Release|Any CPU = Release|Any CPU
	EndGlobalSection
	GlobalSection(ProjectConfigurationPlatforms) = postSolution
		{7F7A6195-0BF4-4F90-865D-B787C28E1A89}.Debug|Any CPU.ActiveCfg = Debug|Any CPU
		{7F7A6195-0BF4-4F90-865D-B787C28E1A89}.Debug|Any CPU.Build.0 = Debug|Any CPU
		{7F7A6195-0BF4-4F90-865D-B787C28E1A89}.Release|Any CPU.ActiveCfg = Release|Any CPU
		{7F7A6195-0BF4-4F90-865D-B787C28E1A89}.Release|Any CPU.Build.0 = Release|Any CPU
		{49D206FF-DA35-4F92-9BFF-0E93D9BF1D10}.Debug|Any CPU.ActiveCfg = Debug|Any CPU
		{49D206FF-DA35-4F92-9BFF-0E93D9BF1D10}.Debug|Any CPU.Build.0 = Debug|Any CPU
		{49D206FF-DA35-4F92-9BFF-0E93D9BF1D10}.Release|Any CPU.ActiveCfg = Release|Any CPU
		{49D206FF-DA35-4F92-9BFF-0E93D9BF1D10}.Release|Any CPU.Build.0 = Release|Any CPU
	EndGlobalSection
	GlobalSection(SolutionProperties) = preSolution
		HideSolutionNode = FALSE
	EndGlobalSection
	GlobalSection(ExtensibilityGlobals) = postSolution
		SolutionGuid = {08F1FB52-98EC-4CD7-815D-80143E5E4310}
	EndGlobalSection
EndGlobal
